
Microsoft Visual Studio Solution File, Format Version 12.00
# Visual Studio Version 17
VisualStudioVersion = 17.2.32519.379
MinimumVisualStudioVersion = 10.0.40219.1
Project("{FAE04EC0-301F-11D3-BF4B-00C04F79EFBC}") = "KevunsGameManager", "KevunsGameManager\KevunsGameManager.csproj", "{75D60402-E962-4700-8D0F-FE6814EFA98D}"
EndProject
Global
	GlobalSection(SolutionConfigurationPlatforms) = preSolution
		Debug|Any CPU = Debug|Any CPU
		Release|Any CPU = Release|Any CPU
	EndGlobalSection
	GlobalSection(ProjectConfigurationPlatforms) = postSolution
		{75D60402-E962-4700-8D0F-FE6814EFA98D}.Debug|Any CPU.ActiveCfg = Debug|Any CPU
		{75D60402-E962-4700-8D0F-FE6814EFA98D}.Debug|Any CPU.Build.0 = Debug|Any CPU
		{75D60402-E962-4700-8D0F-FE6814EFA98D}.Release|Any CPU.ActiveCfg = Release|Any CPU
		{75D60402-E962-4700-8D0F-FE6814EFA98D}.Release|Any CPU.Build.0 = Release|Any CPU
	EndGlobalSection
	GlobalSection(SolutionProperties) = preSolution
		HideSolutionNode = FALSE
	EndGlobalSection
	GlobalSection(ExtensibilityGlobals) = postSolution
		SolutionGuid = {B661227A-D577-4DCA-81F1-CACD403228A2}
	EndGlobalSection
EndGlobal
